
Microsoft Visual Studio Solution File, Format Version 12.00
# Visual Studio Version 17
VisualStudioVersion = 17.5.33424.131
MinimumVisualStudioVersion = 10.0.40219.1
Project("{9A19103F-16F7-4668-BE54-9A1E7A4F7556}") = "Chess Engine Unit Tests", "Chess Engine Unit Tests\Chess Engine Unit Tests.csproj", "{F156E6B1-2975-4D2F-912B-C8C9A28FCA86}"
EndProject
Project("{9A19103F-16F7-4668-BE54-9A1E7A4F7556}") = "Chess Engine UCI", "..\Chess Engine UCI\Chess Engine UCI\Chess Engine UCI.csproj", "{A1888C4B-2135-4E3D-A426-83A208E1D25C}"
EndProject
Global
	GlobalSection(SolutionConfigurationPlatforms) = preSolution
		Debug|Any CPU = Debug|Any CPU
		Release|Any CPU = Release|Any CPU
	EndGlobalSection
	GlobalSection(ProjectConfigurationPlatforms) = postSolution
		{F156E6B1-2975-4D2F-912B-C8C9A28FCA86}.Debug|Any CPU.ActiveCfg = Debug|Any CPU
		{F156E6B1-2975-4D2F-912B-C8C9A28FCA86}.Debug|Any CPU.Build.0 = Debug|Any CPU
		{F156E6B1-2975-4D2F-912B-C8C9A28FCA86}.Release|Any CPU.ActiveCfg = Release|Any CPU
		{F156E6B1-2975-4D2F-912B-C8C9A28FCA86}.Release|Any CPU.Build.0 = Release|Any CPU
		{A1888C4B-2135-4E3D-A426-83A208E1D25C}.Debug|Any CPU.ActiveCfg = Debug|Any CPU
		{A1888C4B-2135-4E3D-A426-83A208E1D25C}.Debug|Any CPU.Build.0 = Debug|Any CPU
		{A1888C4B-2135-4E3D-A426-83A208E1D25C}.Release|Any CPU.ActiveCfg = Release|Any CPU
		{A1888C4B-2135-4E3D-A426-83A208E1D25C}.Release|Any CPU.Build.0 = Release|Any CPU
	EndGlobalSection
	GlobalSection(SolutionProperties) = preSolution
		HideSolutionNode = FALSE
	EndGlobalSection
	GlobalSection(ExtensibilityGlobals) = postSolution
		SolutionGuid = {9D4EBFDC-6733-4FAB-B4DB-A56D8117853C}
	EndGlobalSection
EndGlobal
